
Microsoft Visual Studio Solution File, Format Version 12.00
# Visual Studio Version 17
VisualStudioVersion = 17.1.32210.238
MinimumVisualStudioVersion = 10.0.40219.1
Project("{FAE04EC0-301F-11D3-BF4B-00C04F79EFBC}") = "DiscordLessLag", "DiscordLessLag\DiscordLessLag.csproj", "{DB8F9746-6E5A-465B-8EA5-B0357B184A74}"
EndProject
Global
	GlobalSection(SolutionConfigurationPlatforms) = preSolution
		Debug|Any CPU = Debug|Any CPU
		Release|Any CPU = Release|Any CPU
	EndGlobalSection
	GlobalSection(ProjectConfigurationPlatforms) = postSolution
		{DB8F9746-6E5A-465B-8EA5-B0357B184A74}.Debug|Any CPU.ActiveCfg = Debug|Any CPU
		{DB8F9746-6E5A-465B-8EA5-B0357B184A74}.Debug|Any CPU.Build.0 = Debug|Any CPU
		{DB8F9746-6E5A-465B-8EA5-B0357B184A74}.Release|Any CPU.ActiveCfg = Release|Any CPU
		{DB8F9746-6E5A-465B-8EA5-B0357B184A74}.Release|Any CPU.Build.0 = Release|Any CPU
	EndGlobalSection
	GlobalSection(SolutionProperties) = preSolution
		HideSolutionNode = FALSE
	EndGlobalSection
	GlobalSection(ExtensibilityGlobals) = postSolution
		SolutionGuid = {ED3545B6-29E3-4451-957E-B480E7D5FB83}
	EndGlobalSection
EndGlobal
